
Microsoft Visual Studio Solution File, Format Version 12.00
# Visual Studio 15
VisualStudioVersion = 15.0.27130.2024
MinimumVisualStudioVersion = 10.0.40219.1
Project("{9A19103F-16F7-4668-BE54-9A1E7A4F7556}") = "MySqlBackup.Core", "MysqlBackup.Core\MySqlBackup.Core.csproj", "{9EE0C796-24FE-44BA-A8D6-B09CB039B537}"
EndProject
Global
	GlobalSection(SolutionConfigurationPlatforms) = preSolution
		Debug|Any CPU = Debug|Any CPU
		Release|Any CPU = Release|Any CPU
	EndGlobalSection
	GlobalSection(ProjectConfigurationPlatforms) = postSolution
		{9EE0C796-24FE-44BA-A8D6-B09CB039B537}.Debug|Any CPU.ActiveCfg = Debug|Any CPU
		{9EE0C796-24FE-44BA-A8D6-B09CB039B537}.Debug|Any CPU.Build.0 = Debug|Any CPU
		{9EE0C796-24FE-44BA-A8D6-B09CB039B537}.Release|Any CPU.ActiveCfg = Release|Any CPU
		{9EE0C796-24FE-44BA-A8D6-B09CB039B537}.Release|Any CPU.Build.0 = Release|Any CPU
	EndGlobalSection
	GlobalSection(SolutionProperties) = preSolution
		HideSolutionNode = FALSE
	EndGlobalSection
	GlobalSection(ExtensibilityGlobals) = postSolution
		SolutionGuid = {8892CAA2-67B9-4450-A75B-D296E189B3DA}
	EndGlobalSection
EndGlobal
